// !$*UTF8*$!
{
	archiveVersion = 1;
	classes = {
	};
	objectVersion = 56;
	objects = {

/* Begin PBXBuildFile section */
		4A010B3C2BB859780028A755 /* PhoneView.swift in Sources */ = {isa = PBXBuildFile; fileRef = 4A010B3B2BB859780028A755 /* PhoneView.swift */; };
		4A010B3E2BB85A3F0028A755 /* EmailView.swift in Sources */ = {isa = PBXBuildFile; fileRef = 4A010B3D2BB85A3F0028A755 /* EmailView.swift */; };
		4A010B402BB869960028A755 /* MessageView.swift in Sources */ = {isa = PBXBuildFile; fileRef = 4A010B3F2BB869960028A755 /* MessageView.swift */; };
		4A010B422BB8744E0028A755 /* ContactsView.swift in Sources */ = {isa = PBXBuildFile; fileRef = 4A010B412BB8744E0028A755 /* ContactsView.swift */; };
		4A27509A2BB74F5400C22C9F /* CameraViewRepresetable.swift in Sources */ = {isa = PBXBuildFile; fileRef = 4A2750992BB74F5400C22C9F /* CameraViewRepresetable.swift */; };
		4A27509D2BB74FE500C22C9F /* CameraView.swift in Sources */ = {isa = PBXBuildFile; fileRef = 4A27509C2BB74FE500C22C9F /* CameraView.swift */; };
		4A27509F2BB7607000C22C9F /* QrScannerDelegate.swift in Sources */ = {isa = PBXBuildFile; fileRef = 4A27509E2BB7607000C22C9F /* QrScannerDelegate.swift */; };
		4A2750A22BB7643800C22C9F /* SFSafariViewController.swift in Sources */ = {isa = PBXBuildFile; fileRef = 4A2750A12BB7643800C22C9F /* SFSafariViewController.swift */; };
		4A326AB42BB489550069639B /* QuikScanApp.swift in Sources */ = {isa = PBXBuildFile; fileRef = 4A326AB32BB489550069639B /* QuikScanApp.swift */; };
		4A326AB62BB489550069639B /* ContentView.swift in Sources */ = {isa = PBXBuildFile; fileRef = 4A326AB52BB489550069639B /* ContentView.swift */; };
		4A326AB82BB489580069639B /* Assets.xcassets in Resources */ = {isa = PBXBuildFile; fileRef = 4A326AB72BB489580069639B /* Assets.xcassets */; };
		4A326ABB2BB489580069639B /* Preview Assets.xcassets in Resources */ = {isa = PBXBuildFile; fileRef = 4A326ABA2BB489580069639B /* Preview Assets.xcassets */; };
		4A326AC72BB4AAD90069639B /* DummyMarquee.swift in Sources */ = {isa = PBXBuildFile; fileRef = 4A326AC62BB4AAD80069639B /* DummyMarquee.swift */; };
		4A326AC92BB4ABDD0069639B /* LoginView.swift in Sources */ = {isa = PBXBuildFile; fileRef = 4A326AC82BB4ABDD0069639B /* LoginView.swift */; };
		4A326AD02BB4BCA30069639B /* mitchela.ttf in Resources */ = {isa = PBXBuildFile; fileRef = 4A326ACB2BB4BCA20069639B /* mitchela.ttf */; };
		4A326AD12BB4BCA30069639B /* longline.ttf in Resources */ = {isa = PBXBuildFile; fileRef = 4A326ACC2BB4BCA20069639B /* longline.ttf */; };
		4A326AD22BB4BCA30069639B /* Southam.otf in Resources */ = {isa = PBXBuildFile; fileRef = 4A326ACD2BB4BCA30069639B /* Southam.otf */; };
		4A326AD32BB4BCA30069639B /* roashce.otf in Resources */ = {isa = PBXBuildFile; fileRef = 4A326ACE2BB4BCA30069639B /* roashce.otf */; };
		4A326AD42BB4BCA30069639B /* noctis.otf in Resources */ = {isa = PBXBuildFile; fileRef = 4A326ACF2BB4BCA30069639B /* noctis.otf */; };
		4A326AD72BB4BD450069639B /* Poppins-Regular.ttf in Resources */ = {isa = PBXBuildFile; fileRef = 4A326AD62BB4BD450069639B /* Poppins-Regular.ttf */; };
		4A326ADA2BB4BDA00069639B /* AllFonts.swift in Sources */ = {isa = PBXBuildFile; fileRef = 4A326AD92BB4BDA00069639B /* AllFonts.swift */; };
		4A326ADE2BB4C25A0069639B /* AngelDemoRegular-Rpa03.ttf in Resources */ = {isa = PBXBuildFile; fileRef = 4A326ADD2BB4C25A0069639B /* AngelDemoRegular-Rpa03.ttf */; };
		4A326AE02BB4CCF90069639B /* CountryCodes.swift in Sources */ = {isa = PBXBuildFile; fileRef = 4A326ADF2BB4CCF90069639B /* CountryCodes.swift */; };
		4A4E8C9C2BB5FE3B000FBBC9 /* FirebaseAnalytics in Frameworks */ = {isa = PBXBuildFile; productRef = 4A4E8C9B2BB5FE3B000FBBC9 /* FirebaseAnalytics */; };
		4A4E8C9E2BB5FE3B000FBBC9 /* FirebaseAnalyticsSwift in Frameworks */ = {isa = PBXBuildFile; productRef = 4A4E8C9D2BB5FE3B000FBBC9 /* FirebaseAnalyticsSwift */; };
		4A4E8CA02BB5FE3B000FBBC9 /* FirebaseAppCheck in Frameworks */ = {isa = PBXBuildFile; productRef = 4A4E8C9F2BB5FE3B000FBBC9 /* FirebaseAppCheck */; };
		4A4E8CA22BB5FE3B000FBBC9 /* FirebaseAuth in Frameworks */ = {isa = PBXBuildFile; productRef = 4A4E8CA12BB5FE3B000FBBC9 /* FirebaseAuth */; };
		4A4E8CA52BB60093000FBBC9 /* AuthManager.swift in Sources */ = {isa = PBXBuildFile; fileRef = 4A4E8CA42BB60093000FBBC9 /* AuthManager.swift */; };
		4A4E8CAD2BB6128D000FBBC9 /* GoogleService-Info.plist in Resources */ = {isa = PBXBuildFile; fileRef = 4A4E8CAC2BB6128C000FBBC9 /* GoogleService-Info.plist */; };
		4A6671B82BB84A8100F9B10F /* CameraViewModel.swift in Sources */ = {isa = PBXBuildFile; fileRef = 4A6671B72BB84A8100F9B10F /* CameraViewModel.swift */; };
		4A6671BB2BB84ADD00F9B10F /* CameraModels.swift in Sources */ = {isa = PBXBuildFile; fileRef = 4A6671BA2BB84ADC00F9B10F /* CameraModels.swift */; };
		4A6671BD2BB8519C00F9B10F /* NonUrlView.swift in Sources */ = {isa = PBXBuildFile; fileRef = 4A6671BC2BB8519C00F9B10F /* NonUrlView.swift */; };
		4A6B7A6B2BB9FEF100293989 /* QrModel.swift in Sources */ = {isa = PBXBuildFile; fileRef = 4A6B7A6A2BB9FEF100293989 /* QrModel.swift */; };
		4A6B7A6D2BBA00F000293989 /* BarcodeTypes.swift in Sources */ = {isa = PBXBuildFile; fileRef = 4A6B7A6C2BBA00F000293989 /* BarcodeTypes.swift */; };
		4A6B7A702BBA1A6F00293989 /* HomeView.swift in Sources */ = {isa = PBXBuildFile; fileRef = 4A6B7A6F2BBA1A6F00293989 /* HomeView.swift */; };
		4A6B7A722BBA2A6F00293989 /* HomeViewModel.swift in Sources */ = {isa = PBXBuildFile; fileRef = 4A6B7A712BBA2A6F00293989 /* HomeViewModel.swift */; };
/* End PBXBuildFile section */

/* Begin PBXFileReference section */
		4A010B3B2BB859780028A755 /* PhoneView.swift */ = {isa = PBXFileReference; lastKnownFileType = sourcecode.swift; path = PhoneView.swift; sourceTree = "<group>"; };
		4A010B3D2BB85A3F0028A755 /* EmailView.swift */ = {isa = PBXFileReference; lastKnownFileType = sourcecode.swift; path = EmailView.swift; sourceTree = "<group>"; };
		4A010B3F2BB869960028A755 /* MessageView.swift */ = {isa = PBXFileReference; lastKnownFileType = sourcecode.swift; path = MessageView.swift; sourceTree = "<group>"; };
		4A010B412BB8744E0028A755 /* ContactsView.swift */ = {isa = PBXFileReference; lastKnownFileType = sourcecode.swift; path = ContactsView.swift; sourceTree = "<group>"; };
		4A2750992BB74F5400C22C9F /* CameraViewRepresetable.swift */ = {isa = PBXFileReference; lastKnownFileType = sourcecode.swift; path = CameraViewRepresetable.swift; sourceTree = "<group>"; };
		4A27509C2BB74FE500C22C9F /* CameraView.swift */ = {isa = PBXFileReference; lastKnownFileType = sourcecode.swift; path = CameraView.swift; sourceTree = "<group>"; };
		4A27509E2BB7607000C22C9F /* QrScannerDelegate.swift */ = {isa = PBXFileReference; lastKnownFileType = sourcecode.swift; path = QrScannerDelegate.swift; sourceTree = "<group>"; };
		4A2750A12BB7643800C22C9F /* SFSafariViewController.swift */ = {isa = PBXFileReference; lastKnownFileType = sourcecode.swift; path = SFSafariViewController.swift; sourceTree = "<group>"; };
		4A326AB02BB489550069639B /* QuikScan.app */ = {isa = PBXFileReference; explicitFileType = wrapper.application; includeInIndex = 0; path = QuikScan.app; sourceTree = BUILT_PRODUCTS_DIR; };
		4A326AB32BB489550069639B /* QuikScanApp.swift */ = {isa = PBXFileReference; lastKnownFileType = sourcecode.swift; path = QuikScanApp.swift; sourceTree = "<group>"; };
		4A326AB52BB489550069639B /* ContentView.swift */ = {isa = PBXFileReference; lastKnownFileType = sourcecode.swift; path = ContentView.swift; sourceTree = "<group>"; };
		4A326AB72BB489580069639B /* Assets.xcassets */ = {isa = PBXFileReference; lastKnownFileType = folder.assetcatalog; path = Assets.xcassets; sourceTree = "<group>"; };
		4A326ABA2BB489580069639B /* Preview Assets.xcassets */ = {isa = PBXFileReference; lastKnownFileType = folder.assetcatalog; path = "Preview Assets.xcassets"; sourceTree = "<group>"; };
		4A326AC62BB4AAD80069639B /* DummyMarquee.swift */ = {isa = PBXFileReference; lastKnownFileType = sourcecode.swift; path = DummyMarquee.swift; sourceTree = "<group>"; };
		4A326AC82BB4ABDD0069639B /* LoginView.swift */ = {isa = PBXFileReference; lastKnownFileType = sourcecode.swift; path = LoginView.swift; sourceTree = "<group>"; };
		4A326ACB2BB4BCA20069639B /* mitchela.ttf */ = {isa = PBXFileReference; lastKnownFileType = file; path = mitchela.ttf; sourceTree = "<group>"; };
		4A326ACC2BB4BCA20069639B /* longline.ttf */ = {isa = PBXFileReference; lastKnownFileType = file; path = longline.ttf; sourceTree = "<group>"; };
		4A326ACD2BB4BCA30069639B /* Southam.otf */ = {isa = PBXFileReference; lastKnownFileType = file; path = Southam.otf; sourceTree = "<group>"; };
		4A326ACE2BB4BCA30069639B /* roashce.otf */ = {isa = PBXFileReference; lastKnownFileType = file; path = roashce.otf; sourceTree = "<group>"; };
		4A326ACF2BB4BCA30069639B /* noctis.otf */ = {isa = PBXFileReference; lastKnownFileType = file; path = noctis.otf; sourceTree = "<group>"; };
		4A326AD52BB4BCDA0069639B /* Info.plist */ = {isa = PBXFileReference; lastKnownFileType = text.plist; path = Info.plist; sourceTree = "<group>"; };
		4A326AD62BB4BD450069639B /* Poppins-Regular.ttf */ = {isa = PBXFileReference; lastKnownFileType = file; path = "Poppins-Regular.ttf"; sourceTree = "<group>"; };
		4A326AD92BB4BDA00069639B /* AllFonts.swift */ = {isa = PBXFileReference; lastKnownFileType = sourcecode.swift; path = AllFonts.swift; sourceTree = "<group>"; };
		4A326ADD2BB4C25A0069639B /* AngelDemoRegular-Rpa03.ttf */ = {isa = PBXFileReference; lastKnownFileType = file; path = "AngelDemoRegular-Rpa03.ttf"; sourceTree = "<group>"; };
		4A326ADF2BB4CCF90069639B /* CountryCodes.swift */ = {isa = PBXFileReference; lastKnownFileType = sourcecode.swift; path = CountryCodes.swift; sourceTree = "<group>"; };
		4A4E8CA42BB60093000FBBC9 /* AuthManager.swift */ = {isa = PBXFileReference; lastKnownFileType = sourcecode.swift; path = AuthManager.swift; sourceTree = "<group>"; };
		4A4E8CAC2BB6128C000FBBC9 /* GoogleService-Info.plist */ = {isa = PBXFileReference; fileEncoding = 4; lastKnownFileType = text.plist.xml; path = "GoogleService-Info.plist"; sourceTree = "<group>"; };
		4A6671B72BB84A8100F9B10F /* CameraViewModel.swift */ = {isa = PBXFileReference; lastKnownFileType = sourcecode.swift; path = CameraViewModel.swift; sourceTree = "<group>"; };
		4A6671BA2BB84ADC00F9B10F /* CameraModels.swift */ = {isa = PBXFileReference; lastKnownFileType = sourcecode.swift; path = CameraModels.swift; sourceTree = "<group>"; };
		4A6671BC2BB8519C00F9B10F /* NonUrlView.swift */ = {isa = PBXFileReference; lastKnownFileType = sourcecode.swift; path = NonUrlView.swift; sourceTree = "<group>"; };
		4A6B7A6A2BB9FEF100293989 /* QrModel.swift */ = {isa = PBXFileReference; lastKnownFileType = sourcecode.swift; path = QrModel.swift; sourceTree = "<group>"; };
		4A6B7A6C2BBA00F000293989 /* BarcodeTypes.swift */ = {isa = PBXFileReference; lastKnownFileType = sourcecode.swift; path = BarcodeTypes.swift; sourceTree = "<group>"; };
		4A6B7A6F2BBA1A6F00293989 /* HomeView.swift */ = {isa = PBXFileReference; lastKnownFileType = sourcecode.swift; path = HomeView.swift; sourceTree = "<group>"; };
		4A6B7A712BBA2A6F00293989 /* HomeViewModel.swift */ = {isa = PBXFileReference; lastKnownFileType = sourcecode.swift; path = HomeViewModel.swift; sourceTree = "<group>"; };
/* End PBXFileReference section */

/* Begin PBXFrameworksBuildPhase section */
		4A326AAD2BB489550069639B /* Frameworks */ = {
			isa = PBXFrameworksBuildPhase;
			buildActionMask = 2147483647;
			files = (
				4A4E8C9E2BB5FE3B000FBBC9 /* FirebaseAnalyticsSwift in Frameworks */,
				4A4E8CA02BB5FE3B000FBBC9 /* FirebaseAppCheck in Frameworks */,
				4A4E8C9C2BB5FE3B000FBBC9 /* FirebaseAnalytics in Frameworks */,
				4A4E8CA22BB5FE3B000FBBC9 /* FirebaseAuth in Frameworks */,
			);
			runOnlyForDeploymentPostprocessing = 0;
		};
/* End PBXFrameworksBuildPhase section */

/* Begin PBXGroup section */
		4A2750982BB74F3E00C22C9F /* Camera */ = {
			isa = PBXGroup;
			children = (
				4A27509E2BB7607000C22C9F /* QrScannerDelegate.swift */,
				4A2750992BB74F5400C22C9F /* CameraViewRepresetable.swift */,
				4A6671B72BB84A8100F9B10F /* CameraViewModel.swift */,
				4A6671B92BB84AC200F9B10F /* Models */,
				4A27509B2BB74FCF00C22C9F /* Presentation */,
			);
			path = Camera;
			sourceTree = "<group>";
		};
		4A27509B2BB74FCF00C22C9F /* Presentation */ = {
			isa = PBXGroup;
			children = (
				4A27509C2BB74FE500C22C9F /* CameraView.swift */,
				4A6671BC2BB8519C00F9B10F /* NonUrlView.swift */,
				4A010B3B2BB859780028A755 /* PhoneView.swift */,
				4A010B3D2BB85A3F0028A755 /* EmailView.swift */,
				4A010B3F2BB869960028A755 /* MessageView.swift */,
				4A010B412BB8744E0028A755 /* ContactsView.swift */,
			);
			path = Presentation;
			sourceTree = "<group>";
		};
		4A2750A02BB7642100C22C9F /* SafariView */ = {
			isa = PBXGroup;
			children = (
				4A2750A12BB7643800C22C9F /* SFSafariViewController.swift */,
			);
			path = SafariView;
			sourceTree = "<group>";
		};
		4A326AA72BB489550069639B = {
			isa = PBXGroup;
			children = (
				4A4E8CAC2BB6128C000FBBC9 /* GoogleService-Info.plist */,
				4A326ACA2BB4BC900069639B /* Fonts */,
				4A326AB22BB489550069639B /* QuikScan */,
				4A326AB12BB489550069639B /* Products */,
				4A4E8C9A2BB5FE3B000FBBC9 /* Frameworks */,
			);
			sourceTree = "<group>";
		};
		4A326AB12BB489550069639B /* Products */ = {
			isa = PBXGroup;
			children = (
				4A326AB02BB489550069639B /* QuikScan.app */,
			);
			name = Products;
			sourceTree = "<group>";
		};
		4A326AB22BB489550069639B /* QuikScan */ = {
			isa = PBXGroup;
			children = (
				4A326AD52BB4BCDA0069639B /* Info.plist */,
				4A6B7A6E2BBA1A4D00293989 /* HomeView */,
				4A6B7A692BB9FE9800293989 /* SwiftData */,
				4A2750A02BB7642100C22C9F /* SafariView */,
				4A2750982BB74F3E00C22C9F /* Camera */,
				4A4E8CA32BB6007D000FBBC9 /* AuthManager */,
				4A326AD82BB4BD850069639B /* Utils */,
				4A326AC52BB4AABD0069639B /* Login */,
				4A326AB32BB489550069639B /* QuikScanApp.swift */,
				4A326AB52BB489550069639B /* ContentView.swift */,
				4A326AB72BB489580069639B /* Assets.xcassets */,
				4A326AB92BB489580069639B /* Preview Content */,
			);
			path = QuikScan;
			sourceTree = "<group>";
		};
		4A326AB92BB489580069639B /* Preview Content */ = {
			isa = PBXGroup;
			children = (
				4A326ABA2BB489580069639B /* Preview Assets.xcassets */,
			);
			path = "Preview Content";
			sourceTree = "<group>";
		};
		4A326AC52BB4AABD0069639B /* Login */ = {
			isa = PBXGroup;
			children = (
				4A326AC62BB4AAD80069639B /* DummyMarquee.swift */,
				4A326AC82BB4ABDD0069639B /* LoginView.swift */,
			);
			path = Login;
			sourceTree = "<group>";
		};
		4A326ACA2BB4BC900069639B /* Fonts */ = {
			isa = PBXGroup;
			children = (
				4A326AD62BB4BD450069639B /* Poppins-Regular.ttf */,
				4A326ACC2BB4BCA20069639B /* longline.ttf */,
				4A326ADD2BB4C25A0069639B /* AngelDemoRegular-Rpa03.ttf */,
				4A326ACB2BB4BCA20069639B /* mitchela.ttf */,
				4A326ACF2BB4BCA30069639B /* noctis.otf */,
				4A326ACE2BB4BCA30069639B /* roashce.otf */,
				4A326ACD2BB4BCA30069639B /* Southam.otf */,
			);
			path = Fonts;
			sourceTree = "<group>";
		};
		4A326AD82BB4BD850069639B /* Utils */ = {
			isa = PBXGroup;
			children = (
				4A326AD92BB4BDA00069639B /* AllFonts.swift */,
				4A326ADF2BB4CCF90069639B /* CountryCodes.swift */,
			);
			path = Utils;
			sourceTree = "<group>";
		};
		4A4E8C9A2BB5FE3B000FBBC9 /* Frameworks */ = {
			isa = PBXGroup;
			children = (
			);
			name = Frameworks;
			sourceTree = "<group>";
		};
		4A4E8CA32BB6007D000FBBC9 /* AuthManager */ = {
			isa = PBXGroup;
			children = (
				4A4E8CA42BB60093000FBBC9 /* AuthManager.swift */,
			);
			path = AuthManager;
			sourceTree = "<group>";
		};
		4A6671B92BB84AC200F9B10F /* Models */ = {
			isa = PBXGroup;
			children = (
				4A6671BA2BB84ADC00F9B10F /* CameraModels.swift */,
			);
			path = Models;
			sourceTree = "<group>";
		};
		4A6B7A692BB9FE9800293989 /* SwiftData */ = {
			isa = PBXGroup;
			children = (
				4A6B7A6A2BB9FEF100293989 /* QrModel.swift */,
				4A6B7A6C2BBA00F000293989 /* BarcodeTypes.swift */,
			);
			path = SwiftData;
			sourceTree = "<group>";
		};
		4A6B7A6E2BBA1A4D00293989 /* HomeView */ = {
			isa = PBXGroup;
			children = (
				4A6B7A6F2BBA1A6F00293989 /* HomeView.swift */,
				4A6B7A712BBA2A6F00293989 /* HomeViewModel.swift */,
			);
			path = HomeView;
			sourceTree = "<group>";
		};
/* End PBXGroup section */

/* Begin PBXNativeTarget section */
		4A326AAF2BB489550069639B /* QuikScan */ = {
			isa = PBXNativeTarget;
			buildConfigurationList = 4A326ABE2BB489580069639B /* Build configuration list for PBXNativeTarget "QuikScan" */;
			buildPhases = (
				4A326AAC2BB489550069639B /* Sources */,
				4A326AAD2BB489550069639B /* Frameworks */,
				4A326AAE2BB489550069639B /* Resources */,
			);
			buildRules = (
			);
			dependencies = (
			);
			name = QuikScan;
			packageProductDependencies = (
				4A4E8C9B2BB5FE3B000FBBC9 /* FirebaseAnalytics */,
				4A4E8C9D2BB5FE3B000FBBC9 /* FirebaseAnalyticsSwift */,
				4A4E8C9F2BB5FE3B000FBBC9 /* FirebaseAppCheck */,
				4A4E8CA12BB5FE3B000FBBC9 /* FirebaseAuth */,
			);
			productName = QuikScan;
			productReference = 4A326AB02BB489550069639B /* QuikScan.app */;
			productType = "com.apple.product-type.application";
		};
/* End PBXNativeTarget section */

/* Begin PBXProject section */
		4A326AA82BB489550069639B /* Project object */ = {
			isa = PBXProject;
			attributes = {
				BuildIndependentTargetsInParallel = 1;
				LastSwiftUpdateCheck = 1530;
				LastUpgradeCheck = 1530;
				TargetAttributes = {
					4A326AAF2BB489550069639B = {
						CreatedOnToolsVersion = 15.3;
					};
				};
			};
			buildConfigurationList = 4A326AAB2BB489550069639B /* Build configuration list for PBXProject "QuikScan" */;
			compatibilityVersion = "Xcode 14.0";
			developmentRegion = en;
			hasScannedForEncodings = 0;
			knownRegions = (
				en,
				Base,
			);
			mainGroup = 4A326AA72BB489550069639B;
			packageReferences = (
				4A4E8C992BB5FBBF000FBBC9 /* XCRemoteSwiftPackageReference "firebase-ios-sdk" */,
			);
			productRefGroup = 4A326AB12BB489550069639B /* Products */;
			projectDirPath = "";
			projectRoot = "";
			targets = (
				4A326AAF2BB489550069639B /* QuikScan */,
			);
		};
/* End PBXProject section */

/* Begin PBXResourcesBuildPhase section */
		4A326AAE2BB489550069639B /* Resources */ = {
			isa = PBXResourcesBuildPhase;
			buildActionMask = 2147483647;
			files = (
				4A326AD12BB4BCA30069639B /* longline.ttf in Resources */,
				4A326AD32BB4BCA30069639B /* roashce.otf in Resources */,
				4A326ADE2BB4C25A0069639B /* AngelDemoRegular-Rpa03.ttf in Resources */,
				4A326ABB2BB489580069639B /* Preview Assets.xcassets in Resources */,
				4A326AD42BB4BCA30069639B /* noctis.otf in Resources */,
				4A326AB82BB489580069639B /* Assets.xcassets in Resources */,
				4A326AD22BB4BCA30069639B /* Southam.otf in Resources */,
				4A326AD02BB4BCA30069639B /* mitchela.ttf in Resources */,
				4A4E8CAD2BB6128D000FBBC9 /* GoogleService-Info.plist in Resources */,
				4A326AD72BB4BD450069639B /* Poppins-Regular.ttf in Resources */,
			);
			runOnlyForDeploymentPostprocessing = 0;
		};
/* End PBXResourcesBuildPhase section */

/* Begin PBXSourcesBuildPhase section */
		4A326AAC2BB489550069639B /* Sources */ = {
			isa = PBXSourcesBuildPhase;
			buildActionMask = 2147483647;
			files = (
				4A326AC72BB4AAD90069639B /* DummyMarquee.swift in Sources */,
				4A6B7A722BBA2A6F00293989 /* HomeViewModel.swift in Sources */,
				4A010B3C2BB859780028A755 /* PhoneView.swift in Sources */,
				4A6B7A6D2BBA00F000293989 /* BarcodeTypes.swift in Sources */,
				4A27509A2BB74F5400C22C9F /* CameraViewRepresetable.swift in Sources */,
				4A4E8CA52BB60093000FBBC9 /* AuthManager.swift in Sources */,
				4A27509D2BB74FE500C22C9F /* CameraView.swift in Sources */,
				4A010B402BB869960028A755 /* MessageView.swift in Sources */,
				4A326AB62BB489550069639B /* ContentView.swift in Sources */,
				4A6B7A6B2BB9FEF100293989 /* QrModel.swift in Sources */,
				4A6671BB2BB84ADD00F9B10F /* CameraModels.swift in Sources */,
				4A6671BD2BB8519C00F9B10F /* NonUrlView.swift in Sources */,
				4A6671B82BB84A8100F9B10F /* CameraViewModel.swift in Sources */,
				4A326AC92BB4ABDD0069639B /* LoginView.swift in Sources */,
				4A326AB42BB489550069639B /* QuikScanApp.swift in Sources */,
				4A2750A22BB7643800C22C9F /* SFSafariViewController.swift in Sources */,
				4A6B7A702BBA1A6F00293989 /* HomeView.swift in Sources */,
				4A326ADA2BB4BDA00069639B /* AllFonts.swift in Sources */,
				4A010B3E2BB85A3F0028A755 /* EmailView.swift in Sources */,
				4A010B422BB8744E0028A755 /* ContactsView.swift in Sources */,
				4A27509F2BB7607000C22C9F /* QrScannerDelegate.swift in Sources */,
				4A326AE02BB4CCF90069639B /* CountryCodes.swift in Sources */,
			);
			runOnlyForDeploymentPostprocessing = 0;
		};
/* End PBXSourcesBuildPhase section */

/* Begin XCBuildConfiguration section */
		4A326ABC2BB489580069639B /* Debug */ = {
			isa = XCBuildConfiguration;
			buildSettings = {
				ALWAYS_SEARCH_USER_PATHS = NO;
				ASSETCATALOG_COMPILER_GENERATE_SWIFT_ASSET_SYMBOL_EXTENSIONS = YES;
				CLANG_ANALYZER_NONNULL = YES;
				CLANG_ANALYZER_NUMBER_OBJECT_CONVERSION = YES_AGGRESSIVE;
				CLANG_CXX_LANGUAGE_STANDARD = "gnu++20";
				CLANG_ENABLE_MODULES = YES;
				CLANG_ENABLE_OBJC_ARC = YES;
				CLANG_ENABLE_OBJC_WEAK = YES;
				CLANG_WARN_BLOCK_CAPTURE_AUTORELEASING = YES;
				CLANG_WARN_BOOL_CONVERSION = YES;
				CLANG_WARN_COMMA = YES;
				CLANG_WARN_CONSTANT_CONVERSION = YES;
				CLANG_WARN_DEPRECATED_OBJC_IMPLEMENTATIONS = YES;
				CLANG_WARN_DIRECT_OBJC_ISA_USAGE = YES_ERROR;
				CLANG_WARN_DOCUMENTATION_COMMENTS = YES;
				CLANG_WARN_EMPTY_BODY = YES;
				CLANG_WARN_ENUM_CONVERSION = YES;
				CLANG_WARN_INFINITE_RECURSION = YES;
				CLANG_WARN_INT_CONVERSION = YES;
				CLANG_WARN_NON_LITERAL_NULL_CONVERSION = YES;
				CLANG_WARN_OBJC_IMPLICIT_RETAIN_SELF = YES;
				CLANG_WARN_OBJC_LITERAL_CONVERSION = YES;
				CLANG_WARN_OBJC_ROOT_CLASS = YES_ERROR;
				CLANG_WARN_QUOTED_INCLUDE_IN_FRAMEWORK_HEADER = YES;
				CLANG_WARN_RANGE_LOOP_ANALYSIS = YES;
				CLANG_WARN_STRICT_PROTOTYPES = YES;
				CLANG_WARN_SUSPICIOUS_MOVE = YES;
				CLANG_WARN_UNGUARDED_AVAILABILITY = YES_AGGRESSIVE;
				CLANG_WARN_UNREACHABLE_CODE = YES;
				CLANG_WARN__DUPLICATE_METHOD_MATCH = YES;
				COPY_PHASE_STRIP = NO;
				DEBUG_INFORMATION_FORMAT = dwarf;
				ENABLE_STRICT_OBJC_MSGSEND = YES;
				ENABLE_TESTABILITY = YES;
				ENABLE_USER_SCRIPT_SANDBOXING = YES;
				GCC_C_LANGUAGE_STANDARD = gnu17;
				GCC_DYNAMIC_NO_PIC = NO;
				GCC_NO_COMMON_BLOCKS = YES;
				GCC_OPTIMIZATION_LEVEL = 0;
				GCC_PREPROCESSOR_DEFINITIONS = (
					"DEBUG=1",
					"$(inherited)",
				);
				GCC_WARN_64_TO_32_BIT_CONVERSION = YES;
				GCC_WARN_ABOUT_RETURN_TYPE = YES_ERROR;
				GCC_WARN_UNDECLARED_SELECTOR = YES;
				GCC_WARN_UNINITIALIZED_AUTOS = YES_AGGRESSIVE;
				GCC_WARN_UNUSED_FUNCTION = YES;
				GCC_WARN_UNUSED_VARIABLE = YES;
				IPHONEOS_DEPLOYMENT_TARGET = 17.4;
				LOCALIZATION_PREFERS_STRING_CATALOGS = YES;
				MTL_ENABLE_DEBUG_INFO = INCLUDE_SOURCE;
				MTL_FAST_MATH = YES;
				ONLY_ACTIVE_ARCH = YES;
				SDKROOT = iphoneos;
				SWIFT_ACTIVE_COMPILATION_CONDITIONS = "DEBUG $(inherited)";
				SWIFT_OPTIMIZATION_LEVEL = "-Onone";
				SWIFT_VERSION = 5.0;
			};
			name = Debug;
		};
		4A326ABD2BB489580069639B /* Release */ = {
			isa = XCBuildConfiguration;
			buildSettings = {
				ALWAYS_SEARCH_USER_PATHS = NO;
				ASSETCATALOG_COMPILER_GENERATE_SWIFT_ASSET_SYMBOL_EXTENSIONS = YES;
				CLANG_ANALYZER_NONNULL = YES;
				CLANG_ANALYZER_NUMBER_OBJECT_CONVERSION = YES_AGGRESSIVE;
				CLANG_CXX_LANGUAGE_STANDARD = "gnu++20";
				CLANG_ENABLE_MODULES = YES;
				CLANG_ENABLE_OBJC_ARC = YES;
				CLANG_ENABLE_OBJC_WEAK = YES;
				CLANG_WARN_BLOCK_CAPTURE_AUTORELEASING = YES;
				CLANG_WARN_BOOL_CONVERSION = YES;
				CLANG_WARN_COMMA = YES;
				CLANG_WARN_CONSTANT_CONVERSION = YES;
				CLANG_WARN_DEPRECATED_OBJC_IMPLEMENTATIONS = YES;
				CLANG_WARN_DIRECT_OBJC_ISA_USAGE = YES_ERROR;
				CLANG_WARN_DOCUMENTATION_COMMENTS = YES;
				CLANG_WARN_EMPTY_BODY = YES;
				CLANG_WARN_ENUM_CONVERSION = YES;
				CLANG_WARN_INFINITE_RECURSION = YES;
				CLANG_WARN_INT_CONVERSION = YES;
				CLANG_WARN_NON_LITERAL_NULL_CONVERSION = YES;
				CLANG_WARN_OBJC_IMPLICIT_RETAIN_SELF = YES;
				CLANG_WARN_OBJC_LITERAL_CONVERSION = YES;
				CLANG_WARN_OBJC_ROOT_CLASS = YES_ERROR;
				CLANG_WARN_QUOTED_INCLUDE_IN_FRAMEWORK_HEADER = YES;
				CLANG_WARN_RANGE_LOOP_ANALYSIS = YES;
				CLANG_WARN_STRICT_PROTOTYPES = YES;
				CLANG_WARN_SUSPICIOUS_MOVE = YES;
				CLANG_WARN_UNGUARDED_AVAILABILITY = YES_AGGRESSIVE;
				CLANG_WARN_UNREACHABLE_CODE = YES;
				CLANG_WARN__DUPLICATE_METHOD_MATCH = YES;
				COPY_PHASE_STRIP = NO;
				DEBUG_INFORMATION_FORMAT = "dwarf-with-dsym";
				ENABLE_NS_ASSERTIONS = NO;
				ENABLE_STRICT_OBJC_MSGSEND = YES;
				ENABLE_USER_SCRIPT_SANDBOXING = YES;
				GCC_C_LANGUAGE_STANDARD = gnu17;
				GCC_NO_COMMON_BLOCKS = YES;
				GCC_WARN_64_TO_32_BIT_CONVERSION = YES;
				GCC_WARN_ABOUT_RETURN_TYPE = YES_ERROR;
				GCC_WARN_UNDECLARED_SELECTOR = YES;
				GCC_WARN_UNINITIALIZED_AUTOS = YES_AGGRESSIVE;
				GCC_WARN_UNUSED_FUNCTION = YES;
				GCC_WARN_UNUSED_VARIABLE = YES;
				IPHONEOS_DEPLOYMENT_TARGET = 17.4;
				LOCALIZATION_PREFERS_STRING_CATALOGS = YES;
				MTL_ENABLE_DEBUG_INFO = NO;
				MTL_FAST_MATH = YES;
				SDKROOT = iphoneos;
				SWIFT_COMPILATION_MODE = wholemodule;
				SWIFT_VERSION = 5.0;
				VALIDATE_PRODUCT = YES;
			};
			name = Release;
		};
		4A326ABF2BB489580069639B /* Debug */ = {
			isa = XCBuildConfiguration;
			buildSettings = {
				ASSETCATALOG_COMPILER_APPICON_NAME = AppIcon;
				ASSETCATALOG_COMPILER_GLOBAL_ACCENT_COLOR_NAME = AccentColor;
				CODE_SIGN_STYLE = Automatic;
				CURRENT_PROJECT_VERSION = 1;
				DEVELOPMENT_ASSET_PATHS = "\"QuikScan/Preview Content\"";
				DEVELOPMENT_TEAM = X9QZ4KQXLR;
				ENABLE_PREVIEWS = YES;
				GENERATE_INFOPLIST_FILE = YES;
				INFOPLIST_FILE = QuikScan/Info.plist;
				INFOPLIST_KEY_NSCameraUsageDescription = "";
				INFOPLIST_KEY_NSContactsUsageDescription = "";
				INFOPLIST_KEY_UIApplicationSceneManifest_Generation = YES;
				INFOPLIST_KEY_UIApplicationSupportsIndirectInputEvents = YES;
				INFOPLIST_KEY_UILaunchScreen_Generation = YES;
				INFOPLIST_KEY_UISupportedInterfaceOrientations_iPad = "UIInterfaceOrientationPortrait UIInterfaceOrientationPortraitUpsideDown UIInterfaceOrientationLandscapeLeft UIInterfaceOrientationLandscapeRight";
				INFOPLIST_KEY_UISupportedInterfaceOrientations_iPhone = "UIInterfaceOrientationPortrait UIInterfaceOrientationLandscapeLeft UIInterfaceOrientationLandscapeRight";
				IPHONEOS_DEPLOYMENT_TARGET = 17.0;
				LD_RUNPATH_SEARCH_PATHS = (
					"$(inherited)",
					"@executable_path/Frameworks",
				);
				MARKETING_VERSION = 1.0;
				PRODUCT_BUNDLE_IDENTIFIER = quikscan.ios.com;
				PRODUCT_NAME = "$(TARGET_NAME)";
				SWIFT_EMIT_LOC_STRINGS = YES;
				SWIFT_VERSION = 5.0;
				TARGETED_DEVICE_FAMILY = "1,2";
			};
			name = Debug;
		};
		4A326AC02BB489580069639B /* Release */ = {
			isa = XCBuildConfiguration;
			buildSettings = {
				ASSETCATALOG_COMPILER_APPICON_NAME = AppIcon;
				ASSETCATALOG_COMPILER_GLOBAL_ACCENT_COLOR_NAME = AccentColor;
				CODE_SIGN_STYLE = Automatic;
				CURRENT_PROJECT_VERSION = 1;
				DEVELOPMENT_ASSET_PATHS = "\"QuikScan/Preview Content\"";
				DEVELOPMENT_TEAM = X9QZ4KQXLR;
				ENABLE_PREVIEWS = YES;
				GENERATE_INFOPLIST_FILE = YES;
				INFOPLIST_FILE = QuikScan/Info.plist;
				INFOPLIST_KEY_NSCameraUsageDescription = "";
				INFOPLIST_KEY_NSContactsUsageDescription = "";
				INFOPLIST_KEY_UIApplicationSceneManifest_Generation = YES;
				INFOPLIST_KEY_UIApplicationSupportsIndirectInputEvents = YES;
				INFOPLIST_KEY_UILaunchScreen_Generation = YES;
				INFOPLIST_KEY_UISupportedInterfaceOrientations_iPad = "UIInterfaceOrientationPortrait UIInterfaceOrientationPortraitUpsideDown UIInterfaceOrientationLandscapeLeft UIInterfaceOrientationLandscapeRight";
				INFOPLIST_KEY_UISupportedInterfaceOrientations_iPhone = "UIInterfaceOrientationPortrait UIInterfaceOrientationLandscapeLeft UIInterfaceOrientationLandscapeRight";
				IPHONEOS_DEPLOYMENT_TARGET = 17.0;
				LD_RUNPATH_SEARCH_PATHS = (
					"$(inherited)",
					"@executable_path/Frameworks",
				);
				MARKETING_VERSION = 1.0;
				PRODUCT_BUNDLE_IDENTIFIER = quikscan.ios.com;
				PRODUCT_NAME = "$(TARGET_NAME)";
				SWIFT_EMIT_LOC_STRINGS = YES;
				SWIFT_VERSION = 5.0;
				TARGETED_DEVICE_FAMILY = "1,2";
			};
			name = Release;
		};
/* End XCBuildConfiguration section */

/* Begin XCConfigurationList section */
		4A326AAB2BB489550069639B /* Build configuration list for PBXProject "QuikScan" */ = {
			isa = XCConfigurationList;
			buildConfigurations = (
				4A326ABC2BB489580069639B /* Debug */,
				4A326ABD2BB489580069639B /* Release */,
			);
			defaultConfigurationIsVisible = 0;
			defaultConfigurationName = Release;
		};
		4A326ABE2BB489580069639B /* Build configuration list for PBXNativeTarget "QuikScan" */ = {
			isa = XCConfigurationList;
			buildConfigurations = (
				4A326ABF2BB489580069639B /* Debug */,
				4A326AC02BB489580069639B /* Release */,
			);
			defaultConfigurationIsVisible = 0;
			defaultConfigurationName = Release;
		};
/* End XCConfigurationList section */

/* Begin XCRemoteSwiftPackageReference section */
		4A4E8C992BB5FBBF000FBBC9 /* XCRemoteSwiftPackageReference "firebase-ios-sdk" */ = {
			isa = XCRemoteSwiftPackageReference;
			repositoryURL = "https://github.com/firebase/firebase-ios-sdk";
			requirement = {
				kind = upToNextMajorVersion;
				minimumVersion = 10.23.1;
			};
		};
/* End XCRemoteSwiftPackageReference section */

/* Begin XCSwiftPackageProductDependency section */
		4A4E8C9B2BB5FE3B000FBBC9 /* FirebaseAnalytics */ = {
			isa = XCSwiftPackageProductDependency;
			package = 4A4E8C992BB5FBBF000FBBC9 /* XCRemoteSwiftPackageReference "firebase-ios-sdk" */;
			productName = FirebaseAnalytics;
		};
		4A4E8C9D2BB5FE3B000FBBC9 /* FirebaseAnalyticsSwift */ = {
			isa = XCSwiftPackageProductDependency;
			package = 4A4E8C992BB5FBBF000FBBC9 /* XCRemoteSwiftPackageReference "firebase-ios-sdk" */;
			productName = FirebaseAnalyticsSwift;
		};
		4A4E8C9F2BB5FE3B000FBBC9 /* FirebaseAppCheck */ = {
			isa = XCSwiftPackageProductDependency;
			package = 4A4E8C992BB5FBBF000FBBC9 /* XCRemoteSwiftPackageReference "firebase-ios-sdk" */;
			productName = FirebaseAppCheck;
		};
		4A4E8CA12BB5FE3B000FBBC9 /* FirebaseAuth */ = {
			isa = XCSwiftPackageProductDependency;
			package = 4A4E8C992BB5FBBF000FBBC9 /* XCRemoteSwiftPackageReference "firebase-ios-sdk" */;
			productName = FirebaseAuth;
		};
/* End XCSwiftPackageProductDependency section */
	};
	rootObject = 4A326AA82BB489550069639B /* Project object */;
}
